// !$*UTF8*$!
{
	archiveVersion = 1;
	classes = {
	};
	objectVersion = 56;
	objects = {

/* Begin PBXBuildFile section */
		B8F1E1B72B41F2CD0017DF01 /* AppDelegate.swift in Sources */ = {isa = PBXBuildFile; fileRef = B8F1E1B62B41F2CD0017DF01 /* AppDelegate.swift */; };
		B8F1E1B92B41F2CD0017DF01 /* SceneDelegate.swift in Sources */ = {isa = PBXBuildFile; fileRef = B8F1E1B82B41F2CD0017DF01 /* SceneDelegate.swift */; };
		B8F1E1BB2B41F2CD0017DF01 /* ViewController.swift in Sources */ = {isa = PBXBuildFile; fileRef = B8F1E1BA2B41F2CD0017DF01 /* ViewController.swift */; };
		B8F1E1BE2B41F2CD0017DF01 /* Main.storyboard in Resources */ = {isa = PBXBuildFile; fileRef = B8F1E1BC2B41F2CD0017DF01 /* Main.storyboard */; };
		B8F1E1C02B41F2CF0017DF01 /* Assets.xcassets in Resources */ = {isa = PBXBuildFile; fileRef = B8F1E1BF2B41F2CF0017DF01 /* Assets.xcassets */; };
		B8F1E1C32B41F2CF0017DF01 /* LaunchScreen.storyboard in Resources */ = {isa = PBXBuildFile; fileRef = B8F1E1C12B41F2CF0017DF01 /* LaunchScreen.storyboard */; };
		B8F1E1CE2B41F2CF0017DF01 /* GitReposTests.swift in Sources */ = {isa = PBXBuildFile; fileRef = B8F1E1CD2B41F2CF0017DF01 /* GitReposTests.swift */; };
		B8F1E1D82B41F2D00017DF01 /* GitReposUITests.swift in Sources */ = {isa = PBXBuildFile; fileRef = B8F1E1D72B41F2D00017DF01 /* GitReposUITests.swift */; };
		B8F1E1DA2B41F2D00017DF01 /* GitReposUITestsLaunchTests.swift in Sources */ = {isa = PBXBuildFile; fileRef = B8F1E1D92B41F2D00017DF01 /* GitReposUITestsLaunchTests.swift */; };
/* End PBXBuildFile section */

/* Begin PBXContainerItemProxy section */
		B8F1E1CA2B41F2CF0017DF01 /* PBXContainerItemProxy */ = {
			isa = PBXContainerItemProxy;
			containerPortal = B8F1E1AB2B41F2CD0017DF01 /* Project object */;
			proxyType = 1;
			remoteGlobalIDString = B8F1E1B22B41F2CD0017DF01;
			remoteInfo = GitRepos;
		};
		B8F1E1D42B41F2D00017DF01 /* PBXContainerItemProxy */ = {
			isa = PBXContainerItemProxy;
			containerPortal = B8F1E1AB2B41F2CD0017DF01 /* Project object */;
			proxyType = 1;
			remoteGlobalIDString = B8F1E1B22B41F2CD0017DF01;
			remoteInfo = GitRepos;
		};
/* End PBXContainerItemProxy section */

/* Begin PBXFileReference section */
		B8F1E1B32B41F2CD0017DF01 /* GitRepos.app */ = {isa = PBXFileReference; explicitFileType = wrapper.application; includeInIndex = 0; path = GitRepos.app; sourceTree = BUILT_PRODUCTS_DIR; };
		B8F1E1B62B41F2CD0017DF01 /* AppDelegate.swift */ = {isa = PBXFileReference; lastKnownFileType = sourcecode.swift; path = AppDelegate.swift; sourceTree = "<group>"; };
		B8F1E1B82B41F2CD0017DF01 /* SceneDelegate.swift */ = {isa = PBXFileReference; lastKnownFileType = sourcecode.swift; path = SceneDelegate.swift; sourceTree = "<group>"; };
		B8F1E1BA2B41F2CD0017DF01 /* ViewController.swift */ = {isa = PBXFileReference; lastKnownFileType = sourcecode.swift; path = ViewController.swift; sourceTree = "<group>"; };
		B8F1E1BD2B41F2CD0017DF01 /* Base */ = {isa = PBXFileReference; lastKnownFileType = file.storyboard; name = Base; path = Base.lproj/Main.storyboard; sourceTree = "<group>"; };
		B8F1E1BF2B41F2CF0017DF01 /* Assets.xcassets */ = {isa = PBXFileReference; lastKnownFileType = folder.assetcatalog; path = Assets.xcassets; sourceTree = "<group>"; };
		B8F1E1C22B41F2CF0017DF01 /* Base */ = {isa = PBXFileReference; lastKnownFileType = file.storyboard; name = Base; path = Base.lproj/LaunchScreen.storyboard; sourceTree = "<group>"; };
		B8F1E1C42B41F2CF0017DF01 /* Info.plist */ = {isa = PBXFileReference; lastKnownFileType = text.plist.xml; path = Info.plist; sourceTree = "<group>"; };
		B8F1E1C92B41F2CF0017DF01 /* GitReposTests.xctest */ = {isa = PBXFileReference; explicitFileType = wrapper.cfbundle; includeInIndex = 0; path = GitReposTests.xctest; sourceTree = BUILT_PRODUCTS_DIR; };
		B8F1E1CD2B41F2CF0017DF01 /* GitReposTests.swift */ = {isa = PBXFileReference; lastKnownFileType = sourcecode.swift; path = GitReposTests.swift; sourceTree = "<group>"; };
		B8F1E1D32B41F2D00017DF01 /* GitReposUITests.xctest */ = {isa = PBXFileReference; explicitFileType = wrapper.cfbundle; includeInIndex = 0; path = GitReposUITests.xctest; sourceTree = BUILT_PRODUCTS_DIR; };
		B8F1E1D72B41F2D00017DF01 /* GitReposUITests.swift */ = {isa = PBXFileReference; lastKnownFileType = sourcecode.swift; path = GitReposUITests.swift; sourceTree = "<group>"; };
		B8F1E1D92B41F2D00017DF01 /* GitReposUITestsLaunchTests.swift */ = {isa = PBXFileReference; lastKnownFileType = sourcecode.swift; path = GitReposUITestsLaunchTests.swift; sourceTree = "<group>"; };
/* End PBXFileReference section */

/* Begin PBXFrameworksBuildPhase section */
		B8F1E1B02B41F2CD0017DF01 /* Frameworks */ = {
			isa = PBXFrameworksBuildPhase;
			buildActionMask = 2147483647;
			files = (
			);
			runOnlyForDeploymentPostprocessing = 0;
		};
		B8F1E1C62B41F2CF0017DF01 /* Frameworks */ = {
			isa = PBXFrameworksBuildPhase;
			buildActionMask = 2147483647;
			files = (
			);
			runOnlyForDeploymentPostprocessing = 0;
		};
		B8F1E1D02B41F2D00017DF01 /* Frameworks */ = {
			isa = PBXFrameworksBuildPhase;
			buildActionMask = 2147483647;
			files = (
			);
			runOnlyForDeploymentPostprocessing = 0;
		};
/* End PBXFrameworksBuildPhase section */

/* Begin PBXGroup section */
		B8F1E1AA2B41F2CD0017DF01 = {
			isa = PBXGroup;
			children = (
				B8F1E1B52B41F2CD0017DF01 /* GitRepos */,
				B8F1E1CC2B41F2CF0017DF01 /* GitReposTests */,
				B8F1E1D62B41F2D00017DF01 /* GitReposUITests */,
				B8F1E1B42B41F2CD0017DF01 /* Products */,
			);
			sourceTree = "<group>";
		};
		B8F1E1B42B41F2CD0017DF01 /* Products */ = {
			isa = PBXGroup;
			children = (
				B8F1E1B32B41F2CD0017DF01 /* GitRepos.app */,
				B8F1E1C92B41F2CF0017DF01 /* GitReposTests.xctest */,
				B8F1E1D32B41F2D00017DF01 /* GitReposUITests.xctest */,
			);
			name = Products;
			sourceTree = "<group>";
		};
		B8F1E1B52B41F2CD0017DF01 /* GitRepos */ = {
			isa = PBXGroup;
			children = (
				B8F1E1B62B41F2CD0017DF01 /* AppDelegate.swift */,
				B8F1E1B82B41F2CD0017DF01 /* SceneDelegate.swift */,
				B8F1E1BA2B41F2CD0017DF01 /* ViewController.swift */,
				B8F1E1BC2B41F2CD0017DF01 /* Main.storyboard */,
				B8F1E1BF2B41F2CF0017DF01 /* Assets.xcassets */,
				B8F1E1C12B41F2CF0017DF01 /* LaunchScreen.storyboard */,
				B8F1E1C42B41F2CF0017DF01 /* Info.plist */,
			);
			path = GitRepos;
			sourceTree = "<group>";
		};
		B8F1E1CC2B41F2CF0017DF01 /* GitReposTests */ = {
			isa = PBXGroup;
			children = (
				B8F1E1CD2B41F2CF0017DF01 /* GitReposTests.swift */,
			);
			path = GitReposTests;
			sourceTree = "<group>";
		};
		B8F1E1D62B41F2D00017DF01 /* GitReposUITests */ = {
			isa = PBXGroup;
			children = (
				B8F1E1D72B41F2D00017DF01 /* GitReposUITests.swift */,
				B8F1E1D92B41F2D00017DF01 /* GitReposUITestsLaunchTests.swift */,
			);
			path = GitReposUITests;
			sourceTree = "<group>";
		};
/* End PBXGroup section */

/* Begin PBXNativeTarget section */
		B8F1E1B22B41F2CD0017DF01 /* GitRepos */ = {
			isa = PBXNativeTarget;
			buildConfigurationList = B8F1E1DD2B41F2D00017DF01 /* Build configuration list for PBXNativeTarget "GitRepos" */;
			buildPhases = (
				B8F1E1AF2B41F2CD0017DF01 /* Sources */,
				B8F1E1B02B41F2CD0017DF01 /* Frameworks */,
				B8F1E1B12B41F2CD0017DF01 /* Resources */,
			);
			buildRules = (
			);
			dependencies = (
			);
			name = GitRepos;
			productName = GitRepos;
			productReference = B8F1E1B32B41F2CD0017DF01 /* GitRepos.app */;
			productType = "com.apple.product-type.application";
		};
		B8F1E1C82B41F2CF0017DF01 /* GitReposTests */ = {
			isa = PBXNativeTarget;
			buildConfigurationList = B8F1E1E02B41F2D00017DF01 /* Build configuration list for PBXNativeTarget "GitReposTests" */;
			buildPhases = (
				B8F1E1C52B41F2CF0017DF01 /* Sources */,
				B8F1E1C62B41F2CF0017DF01 /* Frameworks */,
				B8F1E1C72B41F2CF0017DF01 /* Resources */,
			);
			buildRules = (
			);
			dependencies = (
				B8F1E1CB2B41F2CF0017DF01 /* PBXTargetDependency */,
			);
			name = GitReposTests;
			productName = GitReposTests;
			productReference = B8F1E1C92B41F2CF0017DF01 /* GitReposTests.xctest */;
			productType = "com.apple.product-type.bundle.unit-test";
		};
		B8F1E1D22B41F2D00017DF01 /* GitReposUITests */ = {
			isa = PBXNativeTarget;
			buildConfigurationList = B8F1E1E32B41F2D00017DF01 /* Build configuration list for PBXNativeTarget "GitReposUITests" */;
			buildPhases = (
				B8F1E1CF2B41F2D00017DF01 /* Sources */,
				B8F1E1D02B41F2D00017DF01 /* Frameworks */,
				B8F1E1D12B41F2D00017DF01 /* Resources */,
			);
			buildRules = (
			);
			dependencies = (
				B8F1E1D52B41F2D00017DF01 /* PBXTargetDependency */,
			);
			name = GitReposUITests;
			productName = GitReposUITests;
			productReference = B8F1E1D32B41F2D00017DF01 /* GitReposUITests.xctest */;
			productType = "com.apple.product-type.bundle.ui-testing";
		};
/* End PBXNativeTarget section */

/* Begin PBXProject section */
		B8F1E1AB2B41F2CD0017DF01 /* Project object */ = {
			isa = PBXProject;
			attributes = {
				BuildIndependentTargetsInParallel = 1;
				LastSwiftUpdateCheck = 1420;
				LastUpgradeCheck = 1420;
				TargetAttributes = {
					B8F1E1B22B41F2CD0017DF01 = {
						CreatedOnToolsVersion = 14.2;
					};
					B8F1E1C82B41F2CF0017DF01 = {
						CreatedOnToolsVersion = 14.2;
						TestTargetID = B8F1E1B22B41F2CD0017DF01;
					};
					B8F1E1D22B41F2D00017DF01 = {
						CreatedOnToolsVersion = 14.2;
						TestTargetID = B8F1E1B22B41F2CD0017DF01;
					};
				};
			};
			buildConfigurationList = B8F1E1AE2B41F2CD0017DF01 /* Build configuration list for PBXProject "GitRepos" */;
			compatibilityVersion = "Xcode 14.0";
			developmentRegion = en;
			hasScannedForEncodings = 0;
			knownRegions = (
				en,
				Base,
			);
			mainGroup = B8F1E1AA2B41F2CD0017DF01;
			productRefGroup = B8F1E1B42B41F2CD0017DF01 /* Products */;
			projectDirPath = "";
			projectRoot = "";
			targets = (
				B8F1E1B22B41F2CD0017DF01 /* GitRepos */,
				B8F1E1C82B41F2CF0017DF01 /* GitReposTests */,
				B8F1E1D22B41F2D00017DF01 /* GitReposUITests */,
			);
		};
/* End PBXProject section */

/* Begin PBXResourcesBuildPhase section */
		B8F1E1B12B41F2CD0017DF01 /* Resources */ = {
			isa = PBXResourcesBuildPhase;
			buildActionMask = 2147483647;
			files = (
				B8F1E1C32B41F2CF0017DF01 /* LaunchScreen.storyboard in Resources */,
				B8F1E1C02B41F2CF0017DF01 /* Assets.xcassets in Resources */,
				B8F1E1BE2B41F2CD0017DF01 /* Main.storyboard in Resources */,
			);
			runOnlyForDeploymentPostprocessing = 0;
		};
		B8F1E1C72B41F2CF0017DF01 /* Resources */ = {
			isa = PBXResourcesBuildPhase;
			buildActionMask = 2147483647;
			files = (
			);
			runOnlyForDeploymentPostprocessing = 0;
		};
		B8F1E1D12B41F2D00017DF01 /* Resources */ = {
			isa = PBXResourcesBuildPhase;
			buildActionMask = 2147483647;
			files = (
			);
			runOnlyForDeploymentPostprocessing = 0;
		};
/* End PBXResourcesBuildPhase section */

/* Begin PBXSourcesBuildPhase section */
		B8F1E1AF2B41F2CD0017DF01 /* Sources */ = {
			isa = PBXSourcesBuildPhase;
			buildActionMask = 2147483647;
			files = (
				B8F1E1BB2B41F2CD0017DF01 /* ViewController.swift in Sources */,
				B8F1E1B72B41F2CD0017DF01 /* AppDelegate.swift in Sources */,
				B8F1E1B92B41F2CD0017DF01 /* SceneDelegate.swift in Sources */,
			);
			runOnlyForDeploymentPostprocessing = 0;
		};
		B8F1E1C52B41F2CF0017DF01 /* Sources */ = {
			isa = PBXSourcesBuildPhase;
			buildActionMask = 2147483647;
			files = (
				B8F1E1CE2B41F2CF0017DF01 /* GitReposTests.swift in Sources */,
			);
			runOnlyForDeploymentPostprocessing = 0;
		};
		B8F1E1CF2B41F2D00017DF01 /* Sources */ = {
			isa = PBXSourcesBuildPhase;
			buildActionMask = 2147483647;
			files = (
				B8F1E1DA2B41F2D00017DF01 /* GitReposUITestsLaunchTests.swift in Sources */,
				B8F1E1D82B41F2D00017DF01 /* GitReposUITests.swift in Sources */,
			);
			runOnlyForDeploymentPostprocessing = 0;
		};
/* End PBXSourcesBuildPhase section */

/* Begin PBXTargetDependency section */
		B8F1E1CB2B41F2CF0017DF01 /* PBXTargetDependency */ = {
			isa = PBXTargetDependency;
			target = B8F1E1B22B41F2CD0017DF01 /* GitRepos */;
			targetProxy = B8F1E1CA2B41F2CF0017DF01 /* PBXContainerItemProxy */;
		};
		B8F1E1D52B41F2D00017DF01 /* PBXTargetDependency */ = {
			isa = PBXTargetDependency;
			target = B8F1E1B22B41F2CD0017DF01 /* GitRepos */;
			targetProxy = B8F1E1D42B41F2D00017DF01 /* PBXContainerItemProxy */;
		};
/* End PBXTargetDependency section */

/* Begin PBXVariantGroup section */
		B8F1E1BC2B41F2CD0017DF01 /* Main.storyboard */ = {
			isa = PBXVariantGroup;
			children = (
				B8F1E1BD2B41F2CD0017DF01 /* Base */,
			);
			name = Main.storyboard;
			sourceTree = "<group>";
		};
		B8F1E1C12B41F2CF0017DF01 /* LaunchScreen.storyboard */ = {
			isa = PBXVariantGroup;
			children = (
				B8F1E1C22B41F2CF0017DF01 /* Base */,
			);
			name = LaunchScreen.storyboard;
			sourceTree = "<group>";
		};
/* End PBXVariantGroup section */

/* Begin XCBuildConfiguration section */
		B8F1E1DB2B41F2D00017DF01 /* Debug */ = {
			isa = XCBuildConfiguration;
			buildSettings = {
				ALWAYS_SEARCH_USER_PATHS = NO;
				CLANG_ANALYZER_NONNULL = YES;
				CLANG_ANALYZER_NUMBER_OBJECT_CONVERSION = YES_AGGRESSIVE;
				CLANG_CXX_LANGUAGE_STANDARD = "gnu++20";
				CLANG_ENABLE_MODULES = YES;
				CLANG_ENABLE_OBJC_ARC = YES;
				CLANG_ENABLE_OBJC_WEAK = YES;
				CLANG_WARN_BLOCK_CAPTURE_AUTORELEASING = YES;
				CLANG_WARN_BOOL_CONVERSION = YES;
				CLANG_WARN_COMMA = YES;
				CLANG_WARN_CONSTANT_CONVERSION = YES;
				CLANG_WARN_DEPRECATED_OBJC_IMPLEMENTATIONS = YES;
				CLANG_WARN_DIRECT_OBJC_ISA_USAGE = YES_ERROR;
				CLANG_WARN_DOCUMENTATION_COMMENTS = YES;
				CLANG_WARN_EMPTY_BODY = YES;
				CLANG_WARN_ENUM_CONVERSION = YES;
				CLANG_WARN_INFINITE_RECURSION = YES;
				CLANG_WARN_INT_CONVERSION = YES;
				CLANG_WARN_NON_LITERAL_NULL_CONVERSION = YES;
				CLANG_WARN_OBJC_IMPLICIT_RETAIN_SELF = YES;
				CLANG_WARN_OBJC_LITERAL_CONVERSION = YES;
				CLANG_WARN_OBJC_ROOT_CLASS = YES_ERROR;
				CLANG_WARN_QUOTED_INCLUDE_IN_FRAMEWORK_HEADER = YES;
				CLANG_WARN_RANGE_LOOP_ANALYSIS = YES;
				CLANG_WARN_STRICT_PROTOTYPES = YES;
				CLANG_WARN_SUSPICIOUS_MOVE = YES;
				CLANG_WARN_UNGUARDED_AVAILABILITY = YES_AGGRESSIVE;
				CLANG_WARN_UNREACHABLE_CODE = YES;
				CLANG_WARN__DUPLICATE_METHOD_MATCH = YES;
				COPY_PHASE_STRIP = NO;
				DEBUG_INFORMATION_FORMAT = dwarf;
				ENABLE_STRICT_OBJC_MSGSEND = YES;
				ENABLE_TESTABILITY = YES;
				GCC_C_LANGUAGE_STANDARD = gnu11;
				GCC_DYNAMIC_NO_PIC = NO;
				GCC_NO_COMMON_BLOCKS = YES;
				GCC_OPTIMIZATION_LEVEL = 0;
				GCC_PREPROCESSOR_DEFINITIONS = (
					"DEBUG=1",
					"$(inherited)",
				);
				GCC_WARN_64_TO_32_BIT_CONVERSION = YES;
				GCC_WARN_ABOUT_RETURN_TYPE = YES_ERROR;
				GCC_WARN_UNDECLARED_SELECTOR = YES;
				GCC_WARN_UNINITIALIZED_AUTOS = YES_AGGRESSIVE;
				GCC_WARN_UNUSED_FUNCTION = YES;
				GCC_WARN_UNUSED_VARIABLE = YES;
				IPHONEOS_DEPLOYMENT_TARGET = 16.2;
				MTL_ENABLE_DEBUG_INFO = INCLUDE_SOURCE;
				MTL_FAST_MATH = YES;
				ONLY_ACTIVE_ARCH = YES;
				SDKROOT = iphoneos;
				SWIFT_ACTIVE_COMPILATION_CONDITIONS = DEBUG;
				SWIFT_OPTIMIZATION_LEVEL = "-Onone";
			};
			name = Debug;
		};
		B8F1E1DC2B41F2D00017DF01 /* Release */ = {
			isa = XCBuildConfiguration;
			buildSettings = {
				ALWAYS_SEARCH_USER_PATHS = NO;
				CLANG_ANALYZER_NONNULL = YES;
				CLANG_ANALYZER_NUMBER_OBJECT_CONVERSION = YES_AGGRESSIVE;
				CLANG_CXX_LANGUAGE_STANDARD = "gnu++20";
				CLANG_ENABLE_MODULES = YES;
				CLANG_ENABLE_OBJC_ARC = YES;
				CLANG_ENABLE_OBJC_WEAK = YES;
				CLANG_WARN_BLOCK_CAPTURE_AUTORELEASING = YES;
				CLANG_WARN_BOOL_CONVERSION = YES;
				CLANG_WARN_COMMA = YES;
				CLANG_WARN_CONSTANT_CONVERSION = YES;
				CLANG_WARN_DEPRECATED_OBJC_IMPLEMENTATIONS = YES;
				CLANG_WARN_DIRECT_OBJC_ISA_USAGE = YES_ERROR;
				CLANG_WARN_DOCUMENTATION_COMMENTS = YES;
				CLANG_WARN_EMPTY_BODY = YES;
				CLANG_WARN_ENUM_CONVERSION = YES;
				CLANG_WARN_INFINITE_RECURSION = YES;
				CLANG_WARN_INT_CONVERSION = YES;
				CLANG_WARN_NON_LITERAL_NULL_CONVERSION = YES;
				CLANG_WARN_OBJC_IMPLICIT_RETAIN_SELF = YES;
				CLANG_WARN_OBJC_LITERAL_CONVERSION = YES;
				CLANG_WARN_OBJC_ROOT_CLASS = YES_ERROR;
				CLANG_WARN_QUOTED_INCLUDE_IN_FRAMEWORK_HEADER = YES;
				CLANG_WARN_RANGE_LOOP_ANALYSIS = YES;
				CLANG_WARN_STRICT_PROTOTYPES = YES;
				CLANG_WARN_SUSPICIOUS_MOVE = YES;
				CLANG_WARN_UNGUARDED_AVAILABILITY = YES_AGGRESSIVE;
				CLANG_WARN_UNREACHABLE_CODE = YES;
				CLANG_WARN__DUPLICATE_METHOD_MATCH = YES;
				COPY_PHASE_STRIP = NO;
				DEBUG_INFORMATION_FORMAT = "dwarf-with-dsym";
				ENABLE_NS_ASSERTIONS = NO;
				ENABLE_STRICT_OBJC_MSGSEND = YES;
				GCC_C_LANGUAGE_STANDARD = gnu11;
				GCC_NO_COMMON_BLOCKS = YES;
				GCC_WARN_64_TO_32_BIT_CONVERSION = YES;
				GCC_WARN_ABOUT_RETURN_TYPE = YES_ERROR;
				GCC_WARN_UNDECLARED_SELECTOR = YES;
				GCC_WARN_UNINITIALIZED_AUTOS = YES_AGGRESSIVE;
				GCC_WARN_UNUSED_FUNCTION = YES;
				GCC_WARN_UNUSED_VARIABLE = YES;
				IPHONEOS_DEPLOYMENT_TARGET = 16.2;
				MTL_ENABLE_DEBUG_INFO = NO;
				MTL_FAST_MATH = YES;
				SDKROOT = iphoneos;
				SWIFT_COMPILATION_MODE = wholemodule;
				SWIFT_OPTIMIZATION_LEVEL = "-O";
				VALIDATE_PRODUCT = YES;
			};
			name = Release;
		};
		B8F1E1DE2B41F2D00017DF01 /* Debug */ = {
			isa = XCBuildConfiguration;
			buildSettings = {
				ASSETCATALOG_COMPILER_APPICON_NAME = AppIcon;
				ASSETCATALOG_COMPILER_GLOBAL_ACCENT_COLOR_NAME = AccentColor;
				CODE_SIGN_STYLE = Automatic;
				CURRENT_PROJECT_VERSION = 1;
				DEVELOPMENT_TEAM = V6UWHFKBLG;
				GENERATE_INFOPLIST_FILE = YES;
				INFOPLIST_FILE = GitRepos/Info.plist;
				INFOPLIST_KEY_UIApplicationSupportsIndirectInputEvents = YES;
				INFOPLIST_KEY_UILaunchStoryboardName = LaunchScreen;
				INFOPLIST_KEY_UIMainStoryboardFile = Main;
				INFOPLIST_KEY_UISupportedInterfaceOrientations_iPad = "UIInterfaceOrientationPortrait UIInterfaceOrientationPortraitUpsideDown UIInterfaceOrientationLandscapeLeft UIInterfaceOrientationLandscapeRight";
				INFOPLIST_KEY_UISupportedInterfaceOrientations_iPhone = "UIInterfaceOrientationPortrait UIInterfaceOrientationLandscapeLeft UIInterfaceOrientationLandscapeRight";
				LD_RUNPATH_SEARCH_PATHS = (
					"$(inherited)",
					"@executable_path/Frameworks",
				);
				MARKETING_VERSION = 1.0;
				PRODUCT_BUNDLE_IDENTIFIER = com.myapp.GitRepos;
				PRODUCT_NAME = "$(TARGET_NAME)";
				SWIFT_EMIT_LOC_STRINGS = YES;
				SWIFT_VERSION = 5.0;
				TARGETED_DEVICE_FAMILY = "1,2";
			};
			name = Debug;
		};
		B8F1E1DF2B41F2D00017DF01 /* Release */ = {
			isa = XCBuildConfiguration;
			buildSettings = {
				ASSETCATALOG_COMPILER_APPICON_NAME = AppIcon;
				ASSETCATALOG_COMPILER_GLOBAL_ACCENT_COLOR_NAME = AccentColor;
				CODE_SIGN_STYLE = Automatic;
				CURRENT_PROJECT_VERSION = 1;
				DEVELOPMENT_TEAM = V6UWHFKBLG;
				GENERATE_INFOPLIST_FILE = YES;
				INFOPLIST_FILE = GitRepos/Info.plist;
				INFOPLIST_KEY_UIApplicationSupportsIndirectInputEvents = YES;
				INFOPLIST_KEY_UILaunchStoryboardName = LaunchScreen;
				INFOPLIST_KEY_UIMainStoryboardFile = Main;
				INFOPLIST_KEY_UISupportedInterfaceOrientations_iPad = "UIInterfaceOrientationPortrait UIInterfaceOrientationPortraitUpsideDown UIInterfaceOrientationLandscapeLeft UIInterfaceOrientationLandscapeRight";
				INFOPLIST_KEY_UISupportedInterfaceOrientations_iPhone = "UIInterfaceOrientationPortrait UIInterfaceOrientationLandscapeLeft UIInterfaceOrientationLandscapeRight";
				LD_RUNPATH_SEARCH_PATHS = (
					"$(inherited)",
					"@executable_path/Frameworks",
				);
				MARKETING_VERSION = 1.0;
				PRODUCT_BUNDLE_IDENTIFIER = com.myapp.GitRepos;
				PRODUCT_NAME = "$(TARGET_NAME)";
				SWIFT_EMIT_LOC_STRINGS = YES;
				SWIFT_VERSION = 5.0;
				TARGETED_DEVICE_FAMILY = "1,2";
			};
			name = Release;
		};
		B8F1E1E12B41F2D00017DF01 /* Debug */ = {
			isa = XCBuildConfiguration;
			buildSettings = {
				ALWAYS_EMBED_SWIFT_STANDARD_LIBRARIES = YES;
				BUNDLE_LOADER = "$(TEST_HOST)";
				CODE_SIGN_STYLE = Automatic;
				CURRENT_PROJECT_VERSION = 1;
				DEVELOPMENT_TEAM = V6UWHFKBLG;
				GENERATE_INFOPLIST_FILE = YES;
				IPHONEOS_DEPLOYMENT_TARGET = 16.2;
				MARKETING_VERSION = 1.0;
				PRODUCT_BUNDLE_IDENTIFIER = com.myapp.GitReposTests;
				PRODUCT_NAME = "$(TARGET_NAME)";
				SWIFT_EMIT_LOC_STRINGS = NO;
				SWIFT_VERSION = 5.0;
				TARGETED_DEVICE_FAMILY = "1,2";
				TEST_HOST = "$(BUILT_PRODUCTS_DIR)/GitRepos.app/$(BUNDLE_EXECUTABLE_FOLDER_PATH)/GitRepos";
			};
			name = Debug;
		};
		B8F1E1E22B41F2D00017DF01 /* Release */ = {
			isa = XCBuildConfiguration;
			buildSettings = {
				ALWAYS_EMBED_SWIFT_STANDARD_LIBRARIES = YES;
				BUNDLE_LOADER = "$(TEST_HOST)";
				CODE_SIGN_STYLE = Automatic;
				CURRENT_PROJECT_VERSION = 1;
				DEVELOPMENT_TEAM = V6UWHFKBLG;
				GENERATE_INFOPLIST_FILE = YES;
				IPHONEOS_DEPLOYMENT_TARGET = 16.2;
				MARKETING_VERSION = 1.0;
				PRODUCT_BUNDLE_IDENTIFIER = com.myapp.GitReposTests;
				PRODUCT_NAME = "$(TARGET_NAME)";
				SWIFT_EMIT_LOC_STRINGS = NO;
				SWIFT_VERSION = 5.0;
				TARGETED_DEVICE_FAMILY = "1,2";
				TEST_HOST = "$(BUILT_PRODUCTS_DIR)/GitRepos.app/$(BUNDLE_EXECUTABLE_FOLDER_PATH)/GitRepos";
			};
			name = Release;
		};
		B8F1E1E42B41F2D00017DF01 /* Debug */ = {
			isa = XCBuildConfiguration;
			buildSettings = {
				ALWAYS_EMBED_SWIFT_STANDARD_LIBRARIES = YES;
				CODE_SIGN_STYLE = Automatic;
				CURRENT_PROJECT_VERSION = 1;
				DEVELOPMENT_TEAM = V6UWHFKBLG;
				GENERATE_INFOPLIST_FILE = YES;
				MARKETING_VERSION = 1.0;
				PRODUCT_BUNDLE_IDENTIFIER = com.myapp.GitReposUITests;
				PRODUCT_NAME = "$(TARGET_NAME)";
				SWIFT_EMIT_LOC_STRINGS = NO;
				SWIFT_VERSION = 5.0;
				TARGETED_DEVICE_FAMILY = "1,2";
				TEST_TARGET_NAME = GitRepos;
			};
			name = Debug;
		};
		B8F1E1E52B41F2D00017DF01 /* Release */ = {
			isa = XCBuildConfiguration;
			buildSettings = {
				ALWAYS_EMBED_SWIFT_STANDARD_LIBRARIES = YES;
				CODE_SIGN_STYLE = Automatic;
				CURRENT_PROJECT_VERSION = 1;
				DEVELOPMENT_TEAM = V6UWHFKBLG;
				GENERATE_INFOPLIST_FILE = YES;
				MARKETING_VERSION = 1.0;
				PRODUCT_BUNDLE_IDENTIFIER = com.myapp.GitReposUITests;
				PRODUCT_NAME = "$(TARGET_NAME)";
				SWIFT_EMIT_LOC_STRINGS = NO;
				SWIFT_VERSION = 5.0;
				TARGETED_DEVICE_FAMILY = "1,2";
				TEST_TARGET_NAME = GitRepos;
			};
			name = Release;
		};
/* End XCBuildConfiguration section */

/* Begin XCConfigurationList section */
		B8F1E1AE2B41F2CD0017DF01 /* Build configuration list for PBXProject "GitRepos" */ = {
			isa = XCConfigurationList;
			buildConfigurations = (
				B8F1E1DB2B41F2D00017DF01 /* Debug */,
				B8F1E1DC2B41F2D00017DF01 /* Release */,
			);
			defaultConfigurationIsVisible = 0;
			defaultConfigurationName = Release;
		};
		B8F1E1DD2B41F2D00017DF01 /* Build configuration list for PBXNativeTarget "GitRepos" */ = {
			isa = XCConfigurationList;
			buildConfigurations = (
				B8F1E1DE2B41F2D00017DF01 /* Debug */,
				B8F1E1DF2B41F2D00017DF01 /* Release */,
			);
			defaultConfigurationIsVisible = 0;
			defaultConfigurationName = Release;
		};
		B8F1E1E02B41F2D00017DF01 /* Build configuration list for PBXNativeTarget "GitReposTests" */ = {
			isa = XCConfigurationList;
			buildConfigurations = (
				B8F1E1E12B41F2D00017DF01 /* Debug */,
				B8F1E1E22B41F2D00017DF01 /* Release */,
			);
			defaultConfigurationIsVisible = 0;
			defaultConfigurationName = Release;
		};
		B8F1E1E32B41F2D00017DF01 /* Build configuration list for PBXNativeTarget "GitReposUITests" */ = {
			isa = XCConfigurationList;
			buildConfigurations = (
				B8F1E1E42B41F2D00017DF01 /* Debug */,
				B8F1E1E52B41F2D00017DF01 /* Release */,
			);
			defaultConfigurationIsVisible = 0;
			defaultConfigurationName = Release;
		};
/* End XCConfigurationList section */
	};
	rootObject = B8F1E1AB2B41F2CD0017DF01 /* Project object */;
}
